
Microsoft Visual Studio Solution File, Format Version 12.00
# Visual Studio Version 16
VisualStudioVersion = 16.0.30503.244
MinimumVisualStudioVersion = 10.0.40219.1
Project("{FAE04EC0-301F-11D3-BF4B-00C04F79EFBC}") = "Lab1TV", "Lab1TV\Lab1TV.csproj", "{49A6A2DE-2483-4504-81E7-B6483000F10F}"
EndProject
Global
	GlobalSection(SolutionConfigurationPlatforms) = preSolution
		Debug|Any CPU = Debug|Any CPU
		Release|Any CPU = Release|Any CPU
	EndGlobalSection
	GlobalSection(ProjectConfigurationPlatforms) = postSolution
		{49A6A2DE-2483-4504-81E7-B6483000F10F}.Debug|Any CPU.ActiveCfg = Debug|Any CPU
		{49A6A2DE-2483-4504-81E7-B6483000F10F}.Debug|Any CPU.Build.0 = Debug|Any CPU
		{49A6A2DE-2483-4504-81E7-B6483000F10F}.Release|Any CPU.ActiveCfg = Release|Any CPU
		{49A6A2DE-2483-4504-81E7-B6483000F10F}.Release|Any CPU.Build.0 = Release|Any CPU
	EndGlobalSection
	GlobalSection(SolutionProperties) = preSolution
		HideSolutionNode = FALSE
	EndGlobalSection
	GlobalSection(ExtensibilityGlobals) = postSolution
		SolutionGuid = {3F877EB4-07C6-4C93-8761-F1C704D0287D}
	EndGlobalSection
EndGlobal
