
Microsoft Visual Studio Solution File, Format Version 12.00
# Visual Studio Version 16
VisualStudioVersion = 16.0.30611.23
MinimumVisualStudioVersion = 10.0.40219.1
Project("{FAE04EC0-301F-11D3-BF4B-00C04F79EFBC}") = "Lab3", "Lab3.csproj", "{FE6716A7-26BE-40BA-9C4A-A132FD64EDB8}"
EndProject
Global
	GlobalSection(SolutionConfigurationPlatforms) = preSolution
		Debug|Any CPU = Debug|Any CPU
		Release|Any CPU = Release|Any CPU
	EndGlobalSection
	GlobalSection(ProjectConfigurationPlatforms) = postSolution
		{FE6716A7-26BE-40BA-9C4A-A132FD64EDB8}.Debug|Any CPU.ActiveCfg = Debug|Any CPU
		{FE6716A7-26BE-40BA-9C4A-A132FD64EDB8}.Debug|Any CPU.Build.0 = Debug|Any CPU
		{FE6716A7-26BE-40BA-9C4A-A132FD64EDB8}.Release|Any CPU.ActiveCfg = Release|Any CPU
		{FE6716A7-26BE-40BA-9C4A-A132FD64EDB8}.Release|Any CPU.Build.0 = Release|Any CPU
	EndGlobalSection
	GlobalSection(SolutionProperties) = preSolution
		HideSolutionNode = FALSE
	EndGlobalSection
	GlobalSection(ExtensibilityGlobals) = postSolution
		SolutionGuid = {2C600DD9-225C-40B3-9456-CD79134896DB}
	EndGlobalSection
EndGlobal
